// !$*UTF8*$!
{
	archiveVersion = 1;
	classes = {
	};
	objectVersion = 46;
	objects = {

/* Begin PBXBuildFile section */
		3D0D39231EAD904D003AE7C9 /* main.m in Sources */ = {isa = PBXBuildFile; fileRef = 3D0D39221EAD904D003AE7C9 /* main.m */; };
		3D0D39261EAD904D003AE7C9 /* AppDelegate.m in Sources */ = {isa = PBXBuildFile; fileRef = 3D0D39251EAD904D003AE7C9 /* AppDelegate.m */; };
		3D0D39291EAD904D003AE7C9 /* ViewController.m in Sources */ = {isa = PBXBuildFile; fileRef = 3D0D39281EAD904D003AE7C9 /* ViewController.m */; };
		3D0D392C1EAD904D003AE7C9 /* Main.storyboard in Resources */ = {isa = PBXBuildFile; fileRef = 3D0D392A1EAD904D003AE7C9 /* Main.storyboard */; };
		3D0D392E1EAD904D003AE7C9 /* Assets.xcassets in Resources */ = {isa = PBXBuildFile; fileRef = 3D0D392D1EAD904D003AE7C9 /* Assets.xcassets */; };
		3D0D39311EAD904D003AE7C9 /* LaunchScreen.storyboard in Resources */ = {isa = PBXBuildFile; fileRef = 3D0D392F1EAD904D003AE7C9 /* LaunchScreen.storyboard */; };
		3D3F0E031EEE821B0080D898 /* TRSPublicClassA.m in Sources */ = {isa = PBXBuildFile; fileRef = 3D3F0E021EEE821B0080D898 /* TRSPublicClassA.m */; };
/* End PBXBuildFile section */

/* Begin PBXFileReference section */
		3D0D391E1EAD904C003AE7C9 /* subtree_users_b.app */ = {isa = PBXFileReference; explicitFileType = wrapper.application; includeInIndex = 0; path = subtree_users_b.app; sourceTree = BUILT_PRODUCTS_DIR; };
		3D0D39221EAD904D003AE7C9 /* main.m */ = {isa = PBXFileReference; lastKnownFileType = sourcecode.c.objc; path = main.m; sourceTree = "<group>"; };
		3D0D39241EAD904D003AE7C9 /* AppDelegate.h */ = {isa = PBXFileReference; lastKnownFileType = sourcecode.c.h; path = AppDelegate.h; sourceTree = "<group>"; };
		3D0D39251EAD904D003AE7C9 /* AppDelegate.m */ = {isa = PBXFileReference; lastKnownFileType = sourcecode.c.objc; path = AppDelegate.m; sourceTree = "<group>"; };
		3D0D39271EAD904D003AE7C9 /* ViewController.h */ = {isa = PBXFileReference; lastKnownFileType = sourcecode.c.h; path = ViewController.h; sourceTree = "<group>"; };
		3D0D39281EAD904D003AE7C9 /* ViewController.m */ = {isa = PBXFileReference; lastKnownFileType = sourcecode.c.objc; path = ViewController.m; sourceTree = "<group>"; };
		3D0D392B1EAD904D003AE7C9 /* Base */ = {isa = PBXFileReference; lastKnownFileType = file.storyboard; name = Base; path = Base.lproj/Main.storyboard; sourceTree = "<group>"; };
		3D0D392D1EAD904D003AE7C9 /* Assets.xcassets */ = {isa = PBXFileReference; lastKnownFileType = folder.assetcatalog; path = Assets.xcassets; sourceTree = "<group>"; };
		3D0D39301EAD904D003AE7C9 /* Base */ = {isa = PBXFileReference; lastKnownFileType = file.storyboard; name = Base; path = Base.lproj/LaunchScreen.storyboard; sourceTree = "<group>"; };
		3D0D39321EAD904D003AE7C9 /* Info.plist */ = {isa = PBXFileReference; lastKnownFileType = text.plist.xml; path = Info.plist; sourceTree = "<group>"; };
		3D3F0E011EEE821B0080D898 /* TRSPublicClassA.h */ = {isa = PBXFileReference; fileEncoding = 4; lastKnownFileType = sourcecode.c.h; path = TRSPublicClassA.h; sourceTree = "<group>"; };
		3D3F0E021EEE821B0080D898 /* TRSPublicClassA.m */ = {isa = PBXFileReference; fileEncoding = 4; lastKnownFileType = sourcecode.c.objc; path = TRSPublicClassA.m; sourceTree = "<group>"; };
/* End PBXFileReference section */

/* Begin PBXFrameworksBuildPhase section */
		3D0D391B1EAD904C003AE7C9 /* Frameworks */ = {
			isa = PBXFrameworksBuildPhase;
			buildActionMask = 2147483647;
			files = (
			);
			runOnlyForDeploymentPostprocessing = 0;
		};
/* End PBXFrameworksBuildPhase section */

/* Begin PBXGroup section */
		3D0D39151EAD904C003AE7C9 = {
			isa = PBXGroup;
			children = (
				3D0D39201EAD904C003AE7C9 /* subtree_users_b */,
				3D0D391F1EAD904C003AE7C9 /* Products */,
			);
			sourceTree = "<group>";
		};
		3D0D391F1EAD904C003AE7C9 /* Products */ = {
			isa = PBXGroup;
			children = (
				3D0D391E1EAD904C003AE7C9 /* subtree_users_b.app */,
			);
			name = Products;
			sourceTree = "<group>";
		};
		3D0D39201EAD904C003AE7C9 /* subtree_users_b */ = {
			isa = PBXGroup;
			children = (
				3D3F0E001EEE821B0080D898 /* TRSPublicAClass */,
				3D0D39241EAD904D003AE7C9 /* AppDelegate.h */,
				3D0D39251EAD904D003AE7C9 /* AppDelegate.m */,
				3D0D39271EAD904D003AE7C9 /* ViewController.h */,
				3D0D39281EAD904D003AE7C9 /* ViewController.m */,
				3D0D392A1EAD904D003AE7C9 /* Main.storyboard */,
				3D0D392D1EAD904D003AE7C9 /* Assets.xcassets */,
				3D0D392F1EAD904D003AE7C9 /* LaunchScreen.storyboard */,
				3D0D39321EAD904D003AE7C9 /* Info.plist */,
				3D0D39211EAD904D003AE7C9 /* Supporting Files */,
			);
			path = subtree_users_b;
			sourceTree = "<group>";
		};
		3D0D39211EAD904D003AE7C9 /* Supporting Files */ = {
			isa = PBXGroup;
			children = (
				3D0D39221EAD904D003AE7C9 /* main.m */,
			);
			name = "Supporting Files";
			sourceTree = "<group>";
		};
		3D3F0E001EEE821B0080D898 /* TRSPublicAClass */ = {
			isa = PBXGroup;
			children = (
				3D3F0E011EEE821B0080D898 /* TRSPublicClassA.h */,
				3D3F0E021EEE821B0080D898 /* TRSPublicClassA.m */,
			);
			name = TRSPublicAClass;
			path = public_a/TRSPublicAClass;
			sourceTree = SOURCE_ROOT;
		};
/* End PBXGroup section */

/* Begin PBXNativeTarget section */
		3D0D391D1EAD904C003AE7C9 /* subtree_users_b */ = {
			isa = PBXNativeTarget;
			buildConfigurationList = 3D0D39351EAD904D003AE7C9 /* Build configuration list for PBXNativeTarget "subtree_users_b" */;
			buildPhases = (
				3D0D391A1EAD904C003AE7C9 /* Sources */,
				3D0D391B1EAD904C003AE7C9 /* Frameworks */,
				3D0D391C1EAD904C003AE7C9 /* Resources */,
			);
			buildRules = (
			);
			dependencies = (
			);
			name = subtree_users_b;
			productName = subtree_users_b;
			productReference = 3D0D391E1EAD904C003AE7C9 /* subtree_users_b.app */;
			productType = "com.apple.product-type.application";
		};
/* End PBXNativeTarget section */

/* Begin PBXProject section */
		3D0D39161EAD904C003AE7C9 /* Project object */ = {
			isa = PBXProject;
			attributes = {
				LastUpgradeCheck = 0830;
				ORGANIZATIONNAME = william;
				TargetAttributes = {
					3D0D391D1EAD904C003AE7C9 = {
						CreatedOnToolsVersion = 8.3;
						DevelopmentTeam = 9A59CDXZH8;
						ProvisioningStyle = Automatic;
					};
				};
			};
			buildConfigurationList = 3D0D39191EAD904C003AE7C9 /* Build configuration list for PBXProject "subtree_users_b" */;
			compatibilityVersion = "Xcode 3.2";
			developmentRegion = English;
			hasScannedForEncodings = 0;
			knownRegions = (
				en,
				Base,
			);
			mainGroup = 3D0D39151EAD904C003AE7C9;
			productRefGroup = 3D0D391F1EAD904C003AE7C9 /* Products */;
			projectDirPath = "";
			projectRoot = "";
			targets = (
				3D0D391D1EAD904C003AE7C9 /* subtree_users_b */,
			);
		};
/* End PBXProject section */

/* Begin PBXResourcesBuildPhase section */
		3D0D391C1EAD904C003AE7C9 /* Resources */ = {
			isa = PBXResourcesBuildPhase;
			buildActionMask = 2147483647;
			files = (
				3D0D39311EAD904D003AE7C9 /* LaunchScreen.storyboard in Resources */,
				3D0D392E1EAD904D003AE7C9 /* Assets.xcassets in Resources */,
				3D0D392C1EAD904D003AE7C9 /* Main.storyboard in Resources */,
			);
			runOnlyForDeploymentPostprocessing = 0;
		};
/* End PBXResourcesBuildPhase section */

/* Begin PBXSourcesBuildPhase section */
		3D0D391A1EAD904C003AE7C9 /* Sources */ = {
			isa = PBXSourcesBuildPhase;
			buildActionMask = 2147483647;
			files = (
				3D0D39291EAD904D003AE7C9 /* ViewController.m in Sources */,
				3D0D39261EAD904D003AE7C9 /* AppDelegate.m in Sources */,
				3D0D39231EAD904D003AE7C9 /* main.m in Sources */,
				3D3F0E031EEE821B0080D898 /* TRSPublicClassA.m in Sources */,
			);
			runOnlyForDeploymentPostprocessing = 0;
		};
/* End PBXSourcesBuildPhase section */

/* Begin PBXVariantGroup section */
		3D0D392A1EAD904D003AE7C9 /* Main.storyboard */ = {
			isa = PBXVariantGroup;
			children = (
				3D0D392B1EAD904D003AE7C9 /* Base */,
			);
			name = Main.storyboard;
			sourceTree = "<group>";
		};
		3D0D392F1EAD904D003AE7C9 /* LaunchScreen.storyboard */ = {
			isa = PBXVariantGroup;
			children = (
				3D0D39301EAD904D003AE7C9 /* Base */,
			);
			name = LaunchScreen.storyboard;
			sourceTree = "<group>";
		};
/* End PBXVariantGroup section */

/* Begin XCBuildConfiguration section */
		3D0D39331EAD904D003AE7C9 /* Debug */ = {
			isa = XCBuildConfiguration;
			buildSettings = {
				ALWAYS_SEARCH_USER_PATHS = NO;
				CLANG_ANALYZER_NONNULL = YES;
				CLANG_ANALYZER_NUMBER_OBJECT_CONVERSION = YES_AGGRESSIVE;
				CLANG_CXX_LANGUAGE_STANDARD = "gnu++0x";
				CLANG_CXX_LIBRARY = "libc++";
				CLANG_ENABLE_MODULES = YES;
				CLANG_ENABLE_OBJC_ARC = YES;
				CLANG_WARN_BOOL_CONVERSION = YES;
				CLANG_WARN_CONSTANT_CONVERSION = YES;
				CLANG_WARN_DIRECT_OBJC_ISA_USAGE = YES_ERROR;
				CLANG_WARN_DOCUMENTATION_COMMENTS = YES;
				CLANG_WARN_EMPTY_BODY = YES;
				CLANG_WARN_ENUM_CONVERSION = YES;
				CLANG_WARN_INFINITE_RECURSION = YES;
				CLANG_WARN_INT_CONVERSION = YES;
				CLANG_WARN_OBJC_ROOT_CLASS = YES_ERROR;
				CLANG_WARN_SUSPICIOUS_MOVE = YES;
				CLANG_WARN_UNREACHABLE_CODE = YES;
				CLANG_WARN__DUPLICATE_METHOD_MATCH = YES;
				"CODE_SIGN_IDENTITY[sdk=iphoneos*]" = "iPhone Developer";
				COPY_PHASE_STRIP = NO;
				DEBUG_INFORMATION_FORMAT = dwarf;
				ENABLE_STRICT_OBJC_MSGSEND = YES;
				ENABLE_TESTABILITY = YES;
				GCC_C_LANGUAGE_STANDARD = gnu99;
				GCC_DYNAMIC_NO_PIC = NO;
				GCC_NO_COMMON_BLOCKS = YES;
				GCC_OPTIMIZATION_LEVEL = 0;
				GCC_PREPROCESSOR_DEFINITIONS = (
					"DEBUG=1",
					"$(inherited)",
				);
				GCC_WARN_64_TO_32_BIT_CONVERSION = YES;
				GCC_WARN_ABOUT_RETURN_TYPE = YES_ERROR;
				GCC_WARN_UNDECLARED_SELECTOR = YES;
				GCC_WARN_UNINITIALIZED_AUTOS = YES_AGGRESSIVE;
				GCC_WARN_UNUSED_FUNCTION = YES;
				GCC_WARN_UNUSED_VARIABLE = YES;
				IPHONEOS_DEPLOYMENT_TARGET = 10.3;
				MTL_ENABLE_DEBUG_INFO = YES;
				ONLY_ACTIVE_ARCH = YES;
				SDKROOT = iphoneos;
			};
			name = Debug;
		};
		3D0D39341EAD904D003AE7C9 /* Release */ = {
			isa = XCBuildConfiguration;
			buildSettings = {
				ALWAYS_SEARCH_USER_PATHS = NO;
				CLANG_ANALYZER_NONNULL = YES;
				CLANG_ANALYZER_NUMBER_OBJECT_CONVERSION = YES_AGGRESSIVE;
				CLANG_CXX_LANGUAGE_STANDARD = "gnu++0x";
				CLANG_CXX_LIBRARY = "libc++";
				CLANG_ENABLE_MODULES = YES;
				CLANG_ENABLE_OBJC_ARC = YES;
				CLANG_WARN_BOOL_CONVERSION = YES;
				CLANG_WARN_CONSTANT_CONVERSION = YES;
				CLANG_WARN_DIRECT_OBJC_ISA_USAGE = YES_ERROR;
				CLANG_WARN_DOCUMENTATION_COMMENTS = YES;
				CLANG_WARN_EMPTY_BODY = YES;
				CLANG_WARN_ENUM_CONVERSION = YES;
				CLANG_WARN_INFINITE_RECURSION = YES;
				CLANG_WARN_INT_CONVERSION = YES;
				CLANG_WARN_OBJC_ROOT_CLASS = YES_ERROR;
				CLANG_WARN_SUSPICIOUS_MOVE = YES;
				CLANG_WARN_UNREACHABLE_CODE = YES;
				CLANG_WARN__DUPLICATE_METHOD_MATCH = YES;
				"CODE_SIGN_IDENTITY[sdk=iphoneos*]" = "iPhone Developer";
				COPY_PHASE_STRIP = NO;
				DEBUG_INFORMATION_FORMAT = "dwarf-with-dsym";
				ENABLE_NS_ASSERTIONS = NO;
				ENABLE_STRICT_OBJC_MSGSEND = YES;
				GCC_C_LANGUAGE_STANDARD = gnu99;
				GCC_NO_COMMON_BLOCKS = YES;
				GCC_WARN_64_TO_32_BIT_CONVERSION = YES;
				GCC_WARN_ABOUT_RETURN_TYPE = YES_ERROR;
				GCC_WARN_UNDECLARED_SELECTOR = YES;
				GCC_WARN_UNINITIALIZED_AUTOS = YES_AGGRESSIVE;
				GCC_WARN_UNUSED_FUNCTION = YES;
				GCC_WARN_UNUSED_VARIABLE = YES;
				IPHONEOS_DEPLOYMENT_TARGET = 10.3;
				MTL_ENABLE_DEBUG_INFO = NO;
				SDKROOT = iphoneos;
				VALIDATE_PRODUCT = YES;
			};
			name = Release;
		};
		3D0D39361EAD904D003AE7C9 /* Debug */ = {
			isa = XCBuildConfiguration;
			buildSettings = {
				ASSETCATALOG_COMPILER_APPICON_NAME = AppIcon;
				DEVELOPMENT_TEAM = 9A59CDXZH8;
				INFOPLIST_FILE = subtree_users_b/Info.plist;
				LD_RUNPATH_SEARCH_PATHS = "$(inherited) @executable_path/Frameworks";
				PRODUCT_BUNDLE_IDENTIFIER = "com.trs.subtree-users-b.subtree-users-b";
				PRODUCT_NAME = "$(TARGET_NAME)";
			};
			name = Debug;
		};
		3D0D39371EAD904D003AE7C9 /* Release */ = {
			isa = XCBuildConfiguration;
			buildSettings = {
				ASSETCATALOG_COMPILER_APPICON_NAME = AppIcon;
				DEVELOPMENT_TEAM = 9A59CDXZH8;
				INFOPLIST_FILE = subtree_users_b/Info.plist;
				LD_RUNPATH_SEARCH_PATHS = "$(inherited) @executable_path/Frameworks";
				PRODUCT_BUNDLE_IDENTIFIER = "com.trs.subtree-users-b.subtree-users-b";
				PRODUCT_NAME = "$(TARGET_NAME)";
			};
			name = Release;
		};
/* End XCBuildConfiguration section */

/* Begin XCConfigurationList section */
		3D0D39191EAD904C003AE7C9 /* Build configuration list for PBXProject "subtree_users_b" */ = {
			isa = XCConfigurationList;
			buildConfigurations = (
				3D0D39331EAD904D003AE7C9 /* Debug */,
				3D0D39341EAD904D003AE7C9 /* Release */,
			);
			defaultConfigurationIsVisible = 0;
			defaultConfigurationName = Release;
		};
		3D0D39351EAD904D003AE7C9 /* Build configuration list for PBXNativeTarget "subtree_users_b" */ = {
			isa = XCConfigurationList;
			buildConfigurations = (
				3D0D39361EAD904D003AE7C9 /* Debug */,
				3D0D39371EAD904D003AE7C9 /* Release */,
			);
			defaultConfigurationIsVisible = 0;
			defaultConfigurationName = Release;
		};
/* End XCConfigurationList section */
	};
	rootObject = 3D0D39161EAD904C003AE7C9 /* Project object */;
}
